
Microsoft Visual Studio Solution File, Format Version 12.00
# Visual Studio Version 17
VisualStudioVersion = 17.13.35913.81 d17.13
MinimumVisualStudioVersion = 10.0.40219.1
Project("{FAE04EC0-301F-11D3-BF4B-00C04F79EFBC}") = "HW_4", "HW_4.csproj", "{225DE4AC-F2DA-4C95-82E1-4BEDF90623C5}"
EndProject
Global
	GlobalSection(SolutionConfigurationPlatforms) = preSolution
		Debug|Any CPU = Debug|Any CPU
		Release|Any CPU = Release|Any CPU
	EndGlobalSection
	GlobalSection(ProjectConfigurationPlatforms) = postSolution
		{225DE4AC-F2DA-4C95-82E1-4BEDF90623C5}.Debug|Any CPU.ActiveCfg = Debug|Any CPU
		{225DE4AC-F2DA-4C95-82E1-4BEDF90623C5}.Debug|Any CPU.Build.0 = Debug|Any CPU
		{225DE4AC-F2DA-4C95-82E1-4BEDF90623C5}.Release|Any CPU.ActiveCfg = Release|Any CPU
		{225DE4AC-F2DA-4C95-82E1-4BEDF90623C5}.Release|Any CPU.Build.0 = Release|Any CPU
	EndGlobalSection
	GlobalSection(SolutionProperties) = preSolution
		HideSolutionNode = FALSE
	EndGlobalSection
	GlobalSection(ExtensibilityGlobals) = postSolution
		SolutionGuid = {CD15EF88-4A71-4B0A-BF37-1BD753CF155A}
	EndGlobalSection
EndGlobal
