
Microsoft Visual Studio Solution File, Format Version 12.00
# Visual Studio Version 17
VisualStudioVersion = 17.13.35913.81 d17.13
MinimumVisualStudioVersion = 10.0.40219.1
Project("{FAE04EC0-301F-11D3-BF4B-00C04F79EFBC}") = "HW_5", "HW_5.csproj", "{B477B048-0EFB-4A8F-88D9-ABAB38C206A5}"
EndProject
Global
	GlobalSection(SolutionConfigurationPlatforms) = preSolution
		Debug|Any CPU = Debug|Any CPU
		Release|Any CPU = Release|Any CPU
	EndGlobalSection
	GlobalSection(ProjectConfigurationPlatforms) = postSolution
		{B477B048-0EFB-4A8F-88D9-ABAB38C206A5}.Debug|Any CPU.ActiveCfg = Debug|Any CPU
		{B477B048-0EFB-4A8F-88D9-ABAB38C206A5}.Debug|Any CPU.Build.0 = Debug|Any CPU
		{B477B048-0EFB-4A8F-88D9-ABAB38C206A5}.Release|Any CPU.ActiveCfg = Release|Any CPU
		{B477B048-0EFB-4A8F-88D9-ABAB38C206A5}.Release|Any CPU.Build.0 = Release|Any CPU
	EndGlobalSection
	GlobalSection(SolutionProperties) = preSolution
		HideSolutionNode = FALSE
	EndGlobalSection
	GlobalSection(ExtensibilityGlobals) = postSolution
		SolutionGuid = {79FDEDA8-FC22-488A-BC81-98AF1D021893}
	EndGlobalSection
EndGlobal
