
Microsoft Visual Studio Solution File, Format Version 12.00
# Visual Studio Version 17
VisualStudioVersion = 17.13.35913.81 d17.13
MinimumVisualStudioVersion = 10.0.40219.1
Project("{FAE04EC0-301F-11D3-BF4B-00C04F79EFBC}") = "HW_3", "HW_3.csproj", "{2CB93ACE-9F9B-4807-BBA6-3C3A36D42D9E}"
EndProject
Global
	GlobalSection(SolutionConfigurationPlatforms) = preSolution
		Debug|Any CPU = Debug|Any CPU
		Release|Any CPU = Release|Any CPU
	EndGlobalSection
	GlobalSection(ProjectConfigurationPlatforms) = postSolution
		{2CB93ACE-9F9B-4807-BBA6-3C3A36D42D9E}.Debug|Any CPU.ActiveCfg = Debug|Any CPU
		{2CB93ACE-9F9B-4807-BBA6-3C3A36D42D9E}.Debug|Any CPU.Build.0 = Debug|Any CPU
		{2CB93ACE-9F9B-4807-BBA6-3C3A36D42D9E}.Release|Any CPU.ActiveCfg = Release|Any CPU
		{2CB93ACE-9F9B-4807-BBA6-3C3A36D42D9E}.Release|Any CPU.Build.0 = Release|Any CPU
	EndGlobalSection
	GlobalSection(SolutionProperties) = preSolution
		HideSolutionNode = FALSE
	EndGlobalSection
	GlobalSection(ExtensibilityGlobals) = postSolution
		SolutionGuid = {1FE6FFD6-D56E-4B4C-843B-595D4B429E01}
	EndGlobalSection
EndGlobal
